// !$*UTF8*$!
{
	archiveVersion = 1;
	classes = {
	};
	objectVersion = 55;
	objects = {

/* Begin PBXBuildFile section */
		F827238227778A7B00C3A1BA /* AppDelegate.swift in Sources */ = {isa = PBXBuildFile; fileRef = F827238127778A7B00C3A1BA /* AppDelegate.swift */; };
		F827238427778A7B00C3A1BA /* SceneDelegate.swift in Sources */ = {isa = PBXBuildFile; fileRef = F827238327778A7B00C3A1BA /* SceneDelegate.swift */; };
		F827238627778A7B00C3A1BA /* ViewController.swift in Sources */ = {isa = PBXBuildFile; fileRef = F827238527778A7B00C3A1BA /* ViewController.swift */; };
		F827238927778A7B00C3A1BA /* Main.storyboard in Resources */ = {isa = PBXBuildFile; fileRef = F827238727778A7B00C3A1BA /* Main.storyboard */; };
		F827238C27778A7B00C3A1BA /* WeatherPastel.xcdatamodeld in Sources */ = {isa = PBXBuildFile; fileRef = F827238A27778A7B00C3A1BA /* WeatherPastel.xcdatamodeld */; };
		F827238E27778A7F00C3A1BA /* Assets.xcassets in Resources */ = {isa = PBXBuildFile; fileRef = F827238D27778A7F00C3A1BA /* Assets.xcassets */; };
		F827239127778A7F00C3A1BA /* LaunchScreen.storyboard in Resources */ = {isa = PBXBuildFile; fileRef = F827238F27778A7F00C3A1BA /* LaunchScreen.storyboard */; };
		F827239C27778A8000C3A1BA /* WeatherPastelTests.swift in Sources */ = {isa = PBXBuildFile; fileRef = F827239B27778A8000C3A1BA /* WeatherPastelTests.swift */; };
		F82723A627778A8000C3A1BA /* WeatherPastelUITests.swift in Sources */ = {isa = PBXBuildFile; fileRef = F82723A527778A8000C3A1BA /* WeatherPastelUITests.swift */; };
		F82723A827778A8000C3A1BA /* WeatherPastelUITestsLaunchTests.swift in Sources */ = {isa = PBXBuildFile; fileRef = F82723A727778A8000C3A1BA /* WeatherPastelUITestsLaunchTests.swift */; };
		F82723B72778C5DC00C3A1BA /* WeatherManager.swift in Sources */ = {isa = PBXBuildFile; fileRef = F82723B62778C5DC00C3A1BA /* WeatherManager.swift */; };
		F82723BA2778D49000C3A1BA /* WeatherData.swift in Sources */ = {isa = PBXBuildFile; fileRef = F82723B92778D49000C3A1BA /* WeatherData.swift */; };
		F82723BC2778E11100C3A1BA /* WeatherModel.swift in Sources */ = {isa = PBXBuildFile; fileRef = F82723BB2778E11100C3A1BA /* WeatherModel.swift */; };
/* End PBXBuildFile section */

/* Begin PBXContainerItemProxy section */
		F827239827778A8000C3A1BA /* PBXContainerItemProxy */ = {
			isa = PBXContainerItemProxy;
			containerPortal = F827237627778A7B00C3A1BA /* Project object */;
			proxyType = 1;
			remoteGlobalIDString = F827237D27778A7B00C3A1BA;
			remoteInfo = WeatherPastel;
		};
		F82723A227778A8000C3A1BA /* PBXContainerItemProxy */ = {
			isa = PBXContainerItemProxy;
			containerPortal = F827237627778A7B00C3A1BA /* Project object */;
			proxyType = 1;
			remoteGlobalIDString = F827237D27778A7B00C3A1BA;
			remoteInfo = WeatherPastel;
		};
/* End PBXContainerItemProxy section */

/* Begin PBXFileReference section */
		F827237E27778A7B00C3A1BA /* WeatherPastel.app */ = {isa = PBXFileReference; explicitFileType = wrapper.application; includeInIndex = 0; path = WeatherPastel.app; sourceTree = BUILT_PRODUCTS_DIR; };
		F827238127778A7B00C3A1BA /* AppDelegate.swift */ = {isa = PBXFileReference; lastKnownFileType = sourcecode.swift; path = AppDelegate.swift; sourceTree = "<group>"; };
		F827238327778A7B00C3A1BA /* SceneDelegate.swift */ = {isa = PBXFileReference; lastKnownFileType = sourcecode.swift; path = SceneDelegate.swift; sourceTree = "<group>"; };
		F827238527778A7B00C3A1BA /* ViewController.swift */ = {isa = PBXFileReference; lastKnownFileType = sourcecode.swift; path = ViewController.swift; sourceTree = "<group>"; };
		F827238827778A7B00C3A1BA /* Base */ = {isa = PBXFileReference; lastKnownFileType = file.storyboard; name = Base; path = Base.lproj/Main.storyboard; sourceTree = "<group>"; };
		F827238B27778A7B00C3A1BA /* WeatherPastel.xcdatamodel */ = {isa = PBXFileReference; lastKnownFileType = wrapper.xcdatamodel; path = WeatherPastel.xcdatamodel; sourceTree = "<group>"; };
		F827238D27778A7F00C3A1BA /* Assets.xcassets */ = {isa = PBXFileReference; lastKnownFileType = folder.assetcatalog; path = Assets.xcassets; sourceTree = "<group>"; };
		F827239027778A7F00C3A1BA /* Base */ = {isa = PBXFileReference; lastKnownFileType = file.storyboard; name = Base; path = Base.lproj/LaunchScreen.storyboard; sourceTree = "<group>"; };
		F827239227778A7F00C3A1BA /* Info.plist */ = {isa = PBXFileReference; lastKnownFileType = text.plist.xml; path = Info.plist; sourceTree = "<group>"; };
		F827239727778A8000C3A1BA /* WeatherPastelTests.xctest */ = {isa = PBXFileReference; explicitFileType = wrapper.cfbundle; includeInIndex = 0; path = WeatherPastelTests.xctest; sourceTree = BUILT_PRODUCTS_DIR; };
		F827239B27778A8000C3A1BA /* WeatherPastelTests.swift */ = {isa = PBXFileReference; lastKnownFileType = sourcecode.swift; path = WeatherPastelTests.swift; sourceTree = "<group>"; };
		F82723A127778A8000C3A1BA /* WeatherPastelUITests.xctest */ = {isa = PBXFileReference; explicitFileType = wrapper.cfbundle; includeInIndex = 0; path = WeatherPastelUITests.xctest; sourceTree = BUILT_PRODUCTS_DIR; };
		F82723A527778A8000C3A1BA /* WeatherPastelUITests.swift */ = {isa = PBXFileReference; lastKnownFileType = sourcecode.swift; path = WeatherPastelUITests.swift; sourceTree = "<group>"; };
		F82723A727778A8000C3A1BA /* WeatherPastelUITestsLaunchTests.swift */ = {isa = PBXFileReference; lastKnownFileType = sourcecode.swift; path = WeatherPastelUITestsLaunchTests.swift; sourceTree = "<group>"; };
		F82723B62778C5DC00C3A1BA /* WeatherManager.swift */ = {isa = PBXFileReference; lastKnownFileType = sourcecode.swift; path = WeatherManager.swift; sourceTree = "<group>"; };
		F82723B92778D49000C3A1BA /* WeatherData.swift */ = {isa = PBXFileReference; lastKnownFileType = sourcecode.swift; path = WeatherData.swift; sourceTree = "<group>"; };
		F82723BB2778E11100C3A1BA /* WeatherModel.swift */ = {isa = PBXFileReference; lastKnownFileType = sourcecode.swift; path = WeatherModel.swift; sourceTree = "<group>"; };
		F82723BD2778F9AB00C3A1BA /* Config.xcconfig */ = {isa = PBXFileReference; lastKnownFileType = text.xcconfig; path = Config.xcconfig; sourceTree = "<group>"; };
/* End PBXFileReference section */

/* Begin PBXFrameworksBuildPhase section */
		F827237B27778A7B00C3A1BA /* Frameworks */ = {
			isa = PBXFrameworksBuildPhase;
			buildActionMask = 2147483647;
			files = (
			);
			runOnlyForDeploymentPostprocessing = 0;
		};
		F827239427778A8000C3A1BA /* Frameworks */ = {
			isa = PBXFrameworksBuildPhase;
			buildActionMask = 2147483647;
			files = (
			);
			runOnlyForDeploymentPostprocessing = 0;
		};
		F827239E27778A8000C3A1BA /* Frameworks */ = {
			isa = PBXFrameworksBuildPhase;
			buildActionMask = 2147483647;
			files = (
			);
			runOnlyForDeploymentPostprocessing = 0;
		};
/* End PBXFrameworksBuildPhase section */

/* Begin PBXGroup section */
		F827237527778A7B00C3A1BA = {
			isa = PBXGroup;
			children = (
				F827238027778A7B00C3A1BA /* WeatherPastel */,
				F827239A27778A8000C3A1BA /* WeatherPastelTests */,
				F82723A427778A8000C3A1BA /* WeatherPastelUITests */,
				F827237F27778A7B00C3A1BA /* Products */,
			);
			sourceTree = "<group>";
		};
		F827237F27778A7B00C3A1BA /* Products */ = {
			isa = PBXGroup;
			children = (
				F827237E27778A7B00C3A1BA /* WeatherPastel.app */,
				F827239727778A8000C3A1BA /* WeatherPastelTests.xctest */,
				F82723A127778A8000C3A1BA /* WeatherPastelUITests.xctest */,
			);
			name = Products;
			sourceTree = "<group>";
		};
		F827238027778A7B00C3A1BA /* WeatherPastel */ = {
			isa = PBXGroup;
			children = (
				F827238127778A7B00C3A1BA /* AppDelegate.swift */,
				F827238327778A7B00C3A1BA /* SceneDelegate.swift */,
				F82723B82778C5E600C3A1BA /* Model */,
				F82723B52778C5C200C3A1BA /* View */,
				F82723B42778C5A800C3A1BA /* Controller */,
				F827238D27778A7F00C3A1BA /* Assets.xcassets */,
				F827238F27778A7F00C3A1BA /* LaunchScreen.storyboard */,
				F827239227778A7F00C3A1BA /* Info.plist */,
				F827238A27778A7B00C3A1BA /* WeatherPastel.xcdatamodeld */,
				F82723BD2778F9AB00C3A1BA /* Config.xcconfig */,
			);
			path = WeatherPastel;
			sourceTree = "<group>";
		};
		F827239A27778A8000C3A1BA /* WeatherPastelTests */ = {
			isa = PBXGroup;
			children = (
				F827239B27778A8000C3A1BA /* WeatherPastelTests.swift */,
			);
			path = WeatherPastelTests;
			sourceTree = "<group>";
		};
		F82723A427778A8000C3A1BA /* WeatherPastelUITests */ = {
			isa = PBXGroup;
			children = (
				F82723A527778A8000C3A1BA /* WeatherPastelUITests.swift */,
				F82723A727778A8000C3A1BA /* WeatherPastelUITestsLaunchTests.swift */,
			);
			path = WeatherPastelUITests;
			sourceTree = "<group>";
		};
		F82723B42778C5A800C3A1BA /* Controller */ = {
			isa = PBXGroup;
			children = (
				F827238527778A7B00C3A1BA /* ViewController.swift */,
			);
			path = Controller;
			sourceTree = "<group>";
		};
		F82723B52778C5C200C3A1BA /* View */ = {
			isa = PBXGroup;
			children = (
				F827238727778A7B00C3A1BA /* Main.storyboard */,
			);
			path = View;
			sourceTree = "<group>";
		};
		F82723B82778C5E600C3A1BA /* Model */ = {
			isa = PBXGroup;
			children = (
				F82723B62778C5DC00C3A1BA /* WeatherManager.swift */,
				F82723B92778D49000C3A1BA /* WeatherData.swift */,
				F82723BB2778E11100C3A1BA /* WeatherModel.swift */,
			);
			path = Model;
			sourceTree = "<group>";
		};
/* End PBXGroup section */

/* Begin PBXNativeTarget section */
		F827237D27778A7B00C3A1BA /* WeatherPastel */ = {
			isa = PBXNativeTarget;
			buildConfigurationList = F82723AB27778A8000C3A1BA /* Build configuration list for PBXNativeTarget "WeatherPastel" */;
			buildPhases = (
				F827237A27778A7B00C3A1BA /* Sources */,
				F827237B27778A7B00C3A1BA /* Frameworks */,
				F827237C27778A7B00C3A1BA /* Resources */,
			);
			buildRules = (
			);
			dependencies = (
			);
			name = WeatherPastel;
			productName = WeatherPastel;
			productReference = F827237E27778A7B00C3A1BA /* WeatherPastel.app */;
			productType = "com.apple.product-type.application";
		};
		F827239627778A8000C3A1BA /* WeatherPastelTests */ = {
			isa = PBXNativeTarget;
			buildConfigurationList = F82723AE27778A8000C3A1BA /* Build configuration list for PBXNativeTarget "WeatherPastelTests" */;
			buildPhases = (
				F827239327778A8000C3A1BA /* Sources */,
				F827239427778A8000C3A1BA /* Frameworks */,
				F827239527778A8000C3A1BA /* Resources */,
			);
			buildRules = (
			);
			dependencies = (
				F827239927778A8000C3A1BA /* PBXTargetDependency */,
			);
			name = WeatherPastelTests;
			productName = WeatherPastelTests;
			productReference = F827239727778A8000C3A1BA /* WeatherPastelTests.xctest */;
			productType = "com.apple.product-type.bundle.unit-test";
		};
		F82723A027778A8000C3A1BA /* WeatherPastelUITests */ = {
			isa = PBXNativeTarget;
			buildConfigurationList = F82723B127778A8000C3A1BA /* Build configuration list for PBXNativeTarget "WeatherPastelUITests" */;
			buildPhases = (
				F827239D27778A8000C3A1BA /* Sources */,
				F827239E27778A8000C3A1BA /* Frameworks */,
				F827239F27778A8000C3A1BA /* Resources */,
			);
			buildRules = (
			);
			dependencies = (
				F82723A327778A8000C3A1BA /* PBXTargetDependency */,
			);
			name = WeatherPastelUITests;
			productName = WeatherPastelUITests;
			productReference = F82723A127778A8000C3A1BA /* WeatherPastelUITests.xctest */;
			productType = "com.apple.product-type.bundle.ui-testing";
		};
/* End PBXNativeTarget section */

/* Begin PBXProject section */
		F827237627778A7B00C3A1BA /* Project object */ = {
			isa = PBXProject;
			attributes = {
				BuildIndependentTargetsInParallel = 1;
				LastSwiftUpdateCheck = 1320;
				LastUpgradeCheck = 1320;
				TargetAttributes = {
					F827237D27778A7B00C3A1BA = {
						CreatedOnToolsVersion = 13.2.1;
					};
					F827239627778A8000C3A1BA = {
						CreatedOnToolsVersion = 13.2.1;
						TestTargetID = F827237D27778A7B00C3A1BA;
					};
					F82723A027778A8000C3A1BA = {
						CreatedOnToolsVersion = 13.2.1;
						TestTargetID = F827237D27778A7B00C3A1BA;
					};
				};
			};
			buildConfigurationList = F827237927778A7B00C3A1BA /* Build configuration list for PBXProject "WeatherPastel" */;
			compatibilityVersion = "Xcode 13.0";
			developmentRegion = en;
			hasScannedForEncodings = 0;
			knownRegions = (
				en,
				Base,
			);
			mainGroup = F827237527778A7B00C3A1BA;
			productRefGroup = F827237F27778A7B00C3A1BA /* Products */;
			projectDirPath = "";
			projectRoot = "";
			targets = (
				F827237D27778A7B00C3A1BA /* WeatherPastel */,
				F827239627778A8000C3A1BA /* WeatherPastelTests */,
				F82723A027778A8000C3A1BA /* WeatherPastelUITests */,
			);
		};
/* End PBXProject section */

/* Begin PBXResourcesBuildPhase section */
		F827237C27778A7B00C3A1BA /* Resources */ = {
			isa = PBXResourcesBuildPhase;
			buildActionMask = 2147483647;
			files = (
				F827239127778A7F00C3A1BA /* LaunchScreen.storyboard in Resources */,
				F827238E27778A7F00C3A1BA /* Assets.xcassets in Resources */,
				F827238927778A7B00C3A1BA /* Main.storyboard in Resources */,
			);
			runOnlyForDeploymentPostprocessing = 0;
		};
		F827239527778A8000C3A1BA /* Resources */ = {
			isa = PBXResourcesBuildPhase;
			buildActionMask = 2147483647;
			files = (
			);
			runOnlyForDeploymentPostprocessing = 0;
		};
		F827239F27778A8000C3A1BA /* Resources */ = {
			isa = PBXResourcesBuildPhase;
			buildActionMask = 2147483647;
			files = (
			);
			runOnlyForDeploymentPostprocessing = 0;
		};
/* End PBXResourcesBuildPhase section */

/* Begin PBXSourcesBuildPhase section */
		F827237A27778A7B00C3A1BA /* Sources */ = {
			isa = PBXSourcesBuildPhase;
			buildActionMask = 2147483647;
			files = (
				F827238627778A7B00C3A1BA /* ViewController.swift in Sources */,
				F827238227778A7B00C3A1BA /* AppDelegate.swift in Sources */,
				F82723B72778C5DC00C3A1BA /* WeatherManager.swift in Sources */,
				F82723BC2778E11100C3A1BA /* WeatherModel.swift in Sources */,
				F827238427778A7B00C3A1BA /* SceneDelegate.swift in Sources */,
				F82723BA2778D49000C3A1BA /* WeatherData.swift in Sources */,
				F827238C27778A7B00C3A1BA /* WeatherPastel.xcdatamodeld in Sources */,
			);
			runOnlyForDeploymentPostprocessing = 0;
		};
		F827239327778A8000C3A1BA /* Sources */ = {
			isa = PBXSourcesBuildPhase;
			buildActionMask = 2147483647;
			files = (
				F827239C27778A8000C3A1BA /* WeatherPastelTests.swift in Sources */,
			);
			runOnlyForDeploymentPostprocessing = 0;
		};
		F827239D27778A8000C3A1BA /* Sources */ = {
			isa = PBXSourcesBuildPhase;
			buildActionMask = 2147483647;
			files = (
				F82723A827778A8000C3A1BA /* WeatherPastelUITestsLaunchTests.swift in Sources */,
				F82723A627778A8000C3A1BA /* WeatherPastelUITests.swift in Sources */,
			);
			runOnlyForDeploymentPostprocessing = 0;
		};
/* End PBXSourcesBuildPhase section */

/* Begin PBXTargetDependency section */
		F827239927778A8000C3A1BA /* PBXTargetDependency */ = {
			isa = PBXTargetDependency;
			target = F827237D27778A7B00C3A1BA /* WeatherPastel */;
			targetProxy = F827239827778A8000C3A1BA /* PBXContainerItemProxy */;
		};
		F82723A327778A8000C3A1BA /* PBXTargetDependency */ = {
			isa = PBXTargetDependency;
			target = F827237D27778A7B00C3A1BA /* WeatherPastel */;
			targetProxy = F82723A227778A8000C3A1BA /* PBXContainerItemProxy */;
		};
/* End PBXTargetDependency section */

/* Begin PBXVariantGroup section */
		F827238727778A7B00C3A1BA /* Main.storyboard */ = {
			isa = PBXVariantGroup;
			children = (
				F827238827778A7B00C3A1BA /* Base */,
			);
			name = Main.storyboard;
			sourceTree = "<group>";
		};
		F827238F27778A7F00C3A1BA /* LaunchScreen.storyboard */ = {
			isa = PBXVariantGroup;
			children = (
				F827239027778A7F00C3A1BA /* Base */,
			);
			name = LaunchScreen.storyboard;
			sourceTree = "<group>";
		};
/* End PBXVariantGroup section */

/* Begin XCBuildConfiguration section */
		F82723A927778A8000C3A1BA /* Debug */ = {
			isa = XCBuildConfiguration;
			baseConfigurationReference = F82723BD2778F9AB00C3A1BA /* Config.xcconfig */;
			buildSettings = {
				ALWAYS_SEARCH_USER_PATHS = NO;
				CLANG_ANALYZER_NONNULL = YES;
				CLANG_ANALYZER_NUMBER_OBJECT_CONVERSION = YES_AGGRESSIVE;
				CLANG_CXX_LANGUAGE_STANDARD = "gnu++17";
				CLANG_CXX_LIBRARY = "libc++";
				CLANG_ENABLE_MODULES = YES;
				CLANG_ENABLE_OBJC_ARC = YES;
				CLANG_ENABLE_OBJC_WEAK = YES;
				CLANG_WARN_BLOCK_CAPTURE_AUTORELEASING = YES;
				CLANG_WARN_BOOL_CONVERSION = YES;
				CLANG_WARN_COMMA = YES;
				CLANG_WARN_CONSTANT_CONVERSION = YES;
				CLANG_WARN_DEPRECATED_OBJC_IMPLEMENTATIONS = YES;
				CLANG_WARN_DIRECT_OBJC_ISA_USAGE = YES_ERROR;
				CLANG_WARN_DOCUMENTATION_COMMENTS = YES;
				CLANG_WARN_EMPTY_BODY = YES;
				CLANG_WARN_ENUM_CONVERSION = YES;
				CLANG_WARN_INFINITE_RECURSION = YES;
				CLANG_WARN_INT_CONVERSION = YES;
				CLANG_WARN_NON_LITERAL_NULL_CONVERSION = YES;
				CLANG_WARN_OBJC_IMPLICIT_RETAIN_SELF = YES;
				CLANG_WARN_OBJC_LITERAL_CONVERSION = YES;
				CLANG_WARN_OBJC_ROOT_CLASS = YES_ERROR;
				CLANG_WARN_QUOTED_INCLUDE_IN_FRAMEWORK_HEADER = YES;
				CLANG_WARN_RANGE_LOOP_ANALYSIS = YES;
				CLANG_WARN_STRICT_PROTOTYPES = YES;
				CLANG_WARN_SUSPICIOUS_MOVE = YES;
				CLANG_WARN_UNGUARDED_AVAILABILITY = YES_AGGRESSIVE;
				CLANG_WARN_UNREACHABLE_CODE = YES;
				CLANG_WARN__DUPLICATE_METHOD_MATCH = YES;
				COPY_PHASE_STRIP = NO;
				DEBUG_INFORMATION_FORMAT = dwarf;
				ENABLE_STRICT_OBJC_MSGSEND = YES;
				ENABLE_TESTABILITY = YES;
				GCC_C_LANGUAGE_STANDARD = gnu11;
				GCC_DYNAMIC_NO_PIC = NO;
				GCC_NO_COMMON_BLOCKS = YES;
				GCC_OPTIMIZATION_LEVEL = 0;
				GCC_PREPROCESSOR_DEFINITIONS = (
					"DEBUG=1",
					"$(inherited)",
				);
				GCC_WARN_64_TO_32_BIT_CONVERSION = YES;
				GCC_WARN_ABOUT_RETURN_TYPE = YES_ERROR;
				GCC_WARN_UNDECLARED_SELECTOR = YES;
				GCC_WARN_UNINITIALIZED_AUTOS = YES_AGGRESSIVE;
				GCC_WARN_UNUSED_FUNCTION = YES;
				GCC_WARN_UNUSED_VARIABLE = YES;
				IPHONEOS_DEPLOYMENT_TARGET = 15.2;
				MTL_ENABLE_DEBUG_INFO = INCLUDE_SOURCE;
				MTL_FAST_MATH = YES;
				ONLY_ACTIVE_ARCH = YES;
				SDKROOT = iphoneos;
				SWIFT_ACTIVE_COMPILATION_CONDITIONS = DEBUG;
				SWIFT_OPTIMIZATION_LEVEL = "-Onone";
			};
			name = Debug;
		};
		F82723AA27778A8000C3A1BA /* Release */ = {
			isa = XCBuildConfiguration;
			baseConfigurationReference = F82723BD2778F9AB00C3A1BA /* Config.xcconfig */;
			buildSettings = {
				ALWAYS_SEARCH_USER_PATHS = NO;
				CLANG_ANALYZER_NONNULL = YES;
				CLANG_ANALYZER_NUMBER_OBJECT_CONVERSION = YES_AGGRESSIVE;
				CLANG_CXX_LANGUAGE_STANDARD = "gnu++17";
				CLANG_CXX_LIBRARY = "libc++";
				CLANG_ENABLE_MODULES = YES;
				CLANG_ENABLE_OBJC_ARC = YES;
				CLANG_ENABLE_OBJC_WEAK = YES;
				CLANG_WARN_BLOCK_CAPTURE_AUTORELEASING = YES;
				CLANG_WARN_BOOL_CONVERSION = YES;
				CLANG_WARN_COMMA = YES;
				CLANG_WARN_CONSTANT_CONVERSION = YES;
				CLANG_WARN_DEPRECATED_OBJC_IMPLEMENTATIONS = YES;
				CLANG_WARN_DIRECT_OBJC_ISA_USAGE = YES_ERROR;
				CLANG_WARN_DOCUMENTATION_COMMENTS = YES;
				CLANG_WARN_EMPTY_BODY = YES;
				CLANG_WARN_ENUM_CONVERSION = YES;
				CLANG_WARN_INFINITE_RECURSION = YES;
				CLANG_WARN_INT_CONVERSION = YES;
				CLANG_WARN_NON_LITERAL_NULL_CONVERSION = YES;
				CLANG_WARN_OBJC_IMPLICIT_RETAIN_SELF = YES;
				CLANG_WARN_OBJC_LITERAL_CONVERSION = YES;
				CLANG_WARN_OBJC_ROOT_CLASS = YES_ERROR;
				CLANG_WARN_QUOTED_INCLUDE_IN_FRAMEWORK_HEADER = YES;
				CLANG_WARN_RANGE_LOOP_ANALYSIS = YES;
				CLANG_WARN_STRICT_PROTOTYPES = YES;
				CLANG_WARN_SUSPICIOUS_MOVE = YES;
				CLANG_WARN_UNGUARDED_AVAILABILITY = YES_AGGRESSIVE;
				CLANG_WARN_UNREACHABLE_CODE = YES;
				CLANG_WARN__DUPLICATE_METHOD_MATCH = YES;
				COPY_PHASE_STRIP = NO;
				DEBUG_INFORMATION_FORMAT = "dwarf-with-dsym";
				ENABLE_NS_ASSERTIONS = NO;
				ENABLE_STRICT_OBJC_MSGSEND = YES;
				GCC_C_LANGUAGE_STANDARD = gnu11;
				GCC_NO_COMMON_BLOCKS = YES;
				GCC_WARN_64_TO_32_BIT_CONVERSION = YES;
				GCC_WARN_ABOUT_RETURN_TYPE = YES_ERROR;
				GCC_WARN_UNDECLARED_SELECTOR = YES;
				GCC_WARN_UNINITIALIZED_AUTOS = YES_AGGRESSIVE;
				GCC_WARN_UNUSED_FUNCTION = YES;
				GCC_WARN_UNUSED_VARIABLE = YES;
				IPHONEOS_DEPLOYMENT_TARGET = 15.2;
				MTL_ENABLE_DEBUG_INFO = NO;
				MTL_FAST_MATH = YES;
				SDKROOT = iphoneos;
				SWIFT_COMPILATION_MODE = wholemodule;
				SWIFT_OPTIMIZATION_LEVEL = "-O";
				VALIDATE_PRODUCT = YES;
			};
			name = Release;
		};
		F82723AC27778A8000C3A1BA /* Debug */ = {
			isa = XCBuildConfiguration;
			buildSettings = {
				ASSETCATALOG_COMPILER_APPICON_NAME = AppIcon;
				ASSETCATALOG_COMPILER_GLOBAL_ACCENT_COLOR_NAME = AccentColor;
				CODE_SIGN_STYLE = Automatic;
				CURRENT_PROJECT_VERSION = 1;
				DEVELOPMENT_TEAM = KU6VSRF6VJ;
				GENERATE_INFOPLIST_FILE = YES;
				INFOPLIST_FILE = WeatherPastel/Info.plist;
				INFOPLIST_KEY_UIApplicationSupportsIndirectInputEvents = YES;
				INFOPLIST_KEY_UILaunchStoryboardName = LaunchScreen;
				INFOPLIST_KEY_UIMainStoryboardFile = Main;
				INFOPLIST_KEY_UISupportedInterfaceOrientations_iPad = "UIInterfaceOrientationPortrait UIInterfaceOrientationPortraitUpsideDown UIInterfaceOrientationLandscapeLeft UIInterfaceOrientationLandscapeRight";
				INFOPLIST_KEY_UISupportedInterfaceOrientations_iPhone = "UIInterfaceOrientationPortrait UIInterfaceOrientationLandscapeLeft UIInterfaceOrientationLandscapeRight";
				LD_RUNPATH_SEARCH_PATHS = (
					"$(inherited)",
					"@executable_path/Frameworks",
				);
				MARKETING_VERSION = 1.0;
				PRODUCT_BUNDLE_IDENTIFIER = com.ksamardzhiev;
				PRODUCT_NAME = "$(TARGET_NAME)";
				SWIFT_EMIT_LOC_STRINGS = YES;
				SWIFT_VERSION = 5.0;
				TARGETED_DEVICE_FAMILY = "1,2";
			};
			name = Debug;
		};
		F82723AD27778A8000C3A1BA /* Release */ = {
			isa = XCBuildConfiguration;
			buildSettings = {
				ASSETCATALOG_COMPILER_APPICON_NAME = AppIcon;
				ASSETCATALOG_COMPILER_GLOBAL_ACCENT_COLOR_NAME = AccentColor;
				CODE_SIGN_STYLE = Automatic;
				CURRENT_PROJECT_VERSION = 1;
				DEVELOPMENT_TEAM = KU6VSRF6VJ;
				GENERATE_INFOPLIST_FILE = YES;
				INFOPLIST_FILE = WeatherPastel/Info.plist;
				INFOPLIST_KEY_UIApplicationSupportsIndirectInputEvents = YES;
				INFOPLIST_KEY_UILaunchStoryboardName = LaunchScreen;
				INFOPLIST_KEY_UIMainStoryboardFile = Main;
				INFOPLIST_KEY_UISupportedInterfaceOrientations_iPad = "UIInterfaceOrientationPortrait UIInterfaceOrientationPortraitUpsideDown UIInterfaceOrientationLandscapeLeft UIInterfaceOrientationLandscapeRight";
				INFOPLIST_KEY_UISupportedInterfaceOrientations_iPhone = "UIInterfaceOrientationPortrait UIInterfaceOrientationLandscapeLeft UIInterfaceOrientationLandscapeRight";
				LD_RUNPATH_SEARCH_PATHS = (
					"$(inherited)",
					"@executable_path/Frameworks",
				);
				MARKETING_VERSION = 1.0;
				PRODUCT_BUNDLE_IDENTIFIER = com.ksamardzhiev;
				PRODUCT_NAME = "$(TARGET_NAME)";
				SWIFT_EMIT_LOC_STRINGS = YES;
				SWIFT_VERSION = 5.0;
				TARGETED_DEVICE_FAMILY = "1,2";
			};
			name = Release;
		};
		F82723AF27778A8000C3A1BA /* Debug */ = {
			isa = XCBuildConfiguration;
			buildSettings = {
				ALWAYS_EMBED_SWIFT_STANDARD_LIBRARIES = YES;
				BUNDLE_LOADER = "$(TEST_HOST)";
				CODE_SIGN_STYLE = Automatic;
				CURRENT_PROJECT_VERSION = 1;
				DEVELOPMENT_TEAM = KU6VSRF6VJ;
				GENERATE_INFOPLIST_FILE = YES;
				IPHONEOS_DEPLOYMENT_TARGET = 15.2;
				MARKETING_VERSION = 1.0;
				PRODUCT_BUNDLE_IDENTIFIER = com.ksamardzhiev.WeatherPastelTests;
				PRODUCT_NAME = "$(TARGET_NAME)";
				SWIFT_EMIT_LOC_STRINGS = NO;
				SWIFT_VERSION = 5.0;
				TARGETED_DEVICE_FAMILY = "1,2";
				TEST_HOST = "$(BUILT_PRODUCTS_DIR)/WeatherPastel.app/WeatherPastel";
			};
			name = Debug;
		};
		F82723B027778A8000C3A1BA /* Release */ = {
			isa = XCBuildConfiguration;
			buildSettings = {
				ALWAYS_EMBED_SWIFT_STANDARD_LIBRARIES = YES;
				BUNDLE_LOADER = "$(TEST_HOST)";
				CODE_SIGN_STYLE = Automatic;
				CURRENT_PROJECT_VERSION = 1;
				DEVELOPMENT_TEAM = KU6VSRF6VJ;
				GENERATE_INFOPLIST_FILE = YES;
				IPHONEOS_DEPLOYMENT_TARGET = 15.2;
				MARKETING_VERSION = 1.0;
				PRODUCT_BUNDLE_IDENTIFIER = com.ksamardzhiev.WeatherPastelTests;
				PRODUCT_NAME = "$(TARGET_NAME)";
				SWIFT_EMIT_LOC_STRINGS = NO;
				SWIFT_VERSION = 5.0;
				TARGETED_DEVICE_FAMILY = "1,2";
				TEST_HOST = "$(BUILT_PRODUCTS_DIR)/WeatherPastel.app/WeatherPastel";
			};
			name = Release;
		};
		F82723B227778A8000C3A1BA /* Debug */ = {
			isa = XCBuildConfiguration;
			buildSettings = {
				ALWAYS_EMBED_SWIFT_STANDARD_LIBRARIES = YES;
				CODE_SIGN_STYLE = Automatic;
				CURRENT_PROJECT_VERSION = 1;
				DEVELOPMENT_TEAM = KU6VSRF6VJ;
				GENERATE_INFOPLIST_FILE = YES;
				MARKETING_VERSION = 1.0;
				PRODUCT_BUNDLE_IDENTIFIER = com.ksamardzhiev.WeatherPastelUITests;
				PRODUCT_NAME = "$(TARGET_NAME)";
				SWIFT_EMIT_LOC_STRINGS = NO;
				SWIFT_VERSION = 5.0;
				TARGETED_DEVICE_FAMILY = "1,2";
				TEST_TARGET_NAME = WeatherPastel;
			};
			name = Debug;
		};
		F82723B327778A8000C3A1BA /* Release */ = {
			isa = XCBuildConfiguration;
			buildSettings = {
				ALWAYS_EMBED_SWIFT_STANDARD_LIBRARIES = YES;
				CODE_SIGN_STYLE = Automatic;
				CURRENT_PROJECT_VERSION = 1;
				DEVELOPMENT_TEAM = KU6VSRF6VJ;
				GENERATE_INFOPLIST_FILE = YES;
				MARKETING_VERSION = 1.0;
				PRODUCT_BUNDLE_IDENTIFIER = com.ksamardzhiev.WeatherPastelUITests;
				PRODUCT_NAME = "$(TARGET_NAME)";
				SWIFT_EMIT_LOC_STRINGS = NO;
				SWIFT_VERSION = 5.0;
				TARGETED_DEVICE_FAMILY = "1,2";
				TEST_TARGET_NAME = WeatherPastel;
			};
			name = Release;
		};
/* End XCBuildConfiguration section */

/* Begin XCConfigurationList section */
		F827237927778A7B00C3A1BA /* Build configuration list for PBXProject "WeatherPastel" */ = {
			isa = XCConfigurationList;
			buildConfigurations = (
				F82723A927778A8000C3A1BA /* Debug */,
				F82723AA27778A8000C3A1BA /* Release */,
			);
			defaultConfigurationIsVisible = 0;
			defaultConfigurationName = Release;
		};
		F82723AB27778A8000C3A1BA /* Build configuration list for PBXNativeTarget "WeatherPastel" */ = {
			isa = XCConfigurationList;
			buildConfigurations = (
				F82723AC27778A8000C3A1BA /* Debug */,
				F82723AD27778A8000C3A1BA /* Release */,
			);
			defaultConfigurationIsVisible = 0;
			defaultConfigurationName = Release;
		};
		F82723AE27778A8000C3A1BA /* Build configuration list for PBXNativeTarget "WeatherPastelTests" */ = {
			isa = XCConfigurationList;
			buildConfigurations = (
				F82723AF27778A8000C3A1BA /* Debug */,
				F82723B027778A8000C3A1BA /* Release */,
			);
			defaultConfigurationIsVisible = 0;
			defaultConfigurationName = Release;
		};
		F82723B127778A8000C3A1BA /* Build configuration list for PBXNativeTarget "WeatherPastelUITests" */ = {
			isa = XCConfigurationList;
			buildConfigurations = (
				F82723B227778A8000C3A1BA /* Debug */,
				F82723B327778A8000C3A1BA /* Release */,
			);
			defaultConfigurationIsVisible = 0;
			defaultConfigurationName = Release;
		};
/* End XCConfigurationList section */

/* Begin XCVersionGroup section */
		F827238A27778A7B00C3A1BA /* WeatherPastel.xcdatamodeld */ = {
			isa = XCVersionGroup;
			children = (
				F827238B27778A7B00C3A1BA /* WeatherPastel.xcdatamodel */,
			);
			currentVersion = F827238B27778A7B00C3A1BA /* WeatherPastel.xcdatamodel */;
			path = WeatherPastel.xcdatamodeld;
			sourceTree = "<group>";
			versionGroupType = wrapper.xcdatamodel;
		};
/* End XCVersionGroup section */
	};
	rootObject = F827237627778A7B00C3A1BA /* Project object */;
}
